
Microsoft Visual Studio Solution File, Format Version 12.00
# Visual Studio Version 17
VisualStudioVersion = 17.2.32630.192
MinimumVisualStudioVersion = 10.0.40219.1
Project("{FAE04EC0-301F-11D3-BF4B-00C04F79EFBC}") = "CGHangfireApp", "CGHangfireApp\CGHangfireApp.csproj", "{797675F0-5B2B-4B04-8AD7-38E2A93B5E72}"
EndProject
Global
	GlobalSection(SolutionConfigurationPlatforms) = preSolution
		Debug|Any CPU = Debug|Any CPU
		Release|Any CPU = Release|Any CPU
	EndGlobalSection
	GlobalSection(ProjectConfigurationPlatforms) = postSolution
		{797675F0-5B2B-4B04-8AD7-38E2A93B5E72}.Debug|Any CPU.ActiveCfg = Debug|Any CPU
		{797675F0-5B2B-4B04-8AD7-38E2A93B5E72}.Debug|Any CPU.Build.0 = Debug|Any CPU
		{797675F0-5B2B-4B04-8AD7-38E2A93B5E72}.Release|Any CPU.ActiveCfg = Release|Any CPU
		{797675F0-5B2B-4B04-8AD7-38E2A93B5E72}.Release|Any CPU.Build.0 = Release|Any CPU
	EndGlobalSection
	GlobalSection(SolutionProperties) = preSolution
		HideSolutionNode = FALSE
	EndGlobalSection
	GlobalSection(ExtensibilityGlobals) = postSolution
		SolutionGuid = {84EAA9ED-24FB-4A25-B22B-54817E47DCB1}
	EndGlobalSection
EndGlobal
